{
    "version": "0.5",
    "requires": [
        "zlib/1.3.1#b8bc2603263cf7eccbd6e17e66b0ed76%1733936244.862",
        "vorbis/1.3.7#a019e93187ade6ee8a51762f88092604%1743676138.386",
        "stb/cci.20230920#ed79bd361e974a99137f214efb117eef%1720366013.319",
        "spdlog/1.15.1#92e99f07f134481bce4b70c1a41060e7%1738512735.307",
        "sfml/2.6.2#aa5b8c41da4dc4322c7beed0e26657ca%1732108308.48",
        "sfml/2.6.0#105a78f88bb5938fa083e93d8f80952f%1732108313.48",
        "opengl/system#7c02ea6ef926fd04844af53622a30541%1730805494.23",
        "openal-soft/1.22.2#df405a70ec6a00ab05798137f319156b%1743515658.613",
        "ogg/1.3.5#e8186fe05ebe9f8e706fa4bde2164d12%1743515256.147",
        "mpfr/4.2.1#9387ed9b72866b2dda9690b287def172%1700759840.394",
        "minimp3/cci.20211201#045f7bf02ba91cce9a8730ce075705e7%1687805559.259",
        "libpng/1.6.47#d7ad969de6b0a72704cf03d6ef17648b%1740028982.292",
        "libiconv/1.17#73fefc1b696e069df90fd1d18aa63edd%1707122814.387",
        "libbacktrace/cci.20210118#a7691bfccd8caaf66309df196790a5a1%1722218217.276",
        "gtest/1.15.0#9eb07f548819215e766e41399858454f%1721318797.609",
        "gmp/6.3.0#df20ffb6d21c34d67704305bcd1dea9e%1698225617.026",
        "glu/system#a5189f60c8270ac97ed29d7f36fffe39%1730978382.374",
        "glm/1.0.1#94392c53a527f7d830119b84fe80c754%1713951421.775",
        "glew/2.2.0#3a3eacd9dc24111c323773993c365b49%1744188138.33",
        "freetype/2.13.2#5d2563803c8558d4ef47271a82c73d20%1728736671.752",
        "fmt/11.1.3#8364f0feb23ee32e4b870455edb552ae%1738512514.619",
        "flac/1.4.3#d4ba8c22c282edc05956667f62628d8e%1743154204.752",
        "eigen/3.4.0#2e192482a8acff96fe34766adca2b24c%1680436083.8",
        "cgal/6.0.1#1cddf9978ea9ef967dec7c13f187609c%1730133864.2",
        "bzip2/1.0.8#d00dac990f08d991998d624be81a9526%1724661266.998",
        "brotli/1.1.0#406ce8f1c997f4ef7852fa01ff85ef9f%1743158659.041",
        "boost/1.83.0#dd39934d1af6ee91b3bd0d5668b3b93e%1736197440.816"
    ],
    "build_requires": [
        "pkgconf/2.1.0#27f44583701117b571307cf5b5fe5605%1701537936.436",
        "ninja/1.12.1#fd583651bf0c6a901943495d49878803%1724079877.609",
        "meson/1.3.2#26ce8a76a36cc275cdfee1d757bc6561%1726730118.251",
        "meson/1.2.2#21b73818ba96d9eea465b310b5bbc993%1726730120.212",
        "m4/1.4.19#b38ced39a01e31fef5435bc634461fd2%1700758725.451",
        "b2/5.2.1#91bc73931a0acb655947a81569ed8b80%1718416612.241"
    ],
    "python_requires": [],
    "config_requires": []
}